{
  "name": "Dialect",
  "lockfileVersion": 3,
  "requires": true,
  "packages": {
    "": {
      "dependencies": {
        "libphonenumber-js": "^1.12.30"
      }
    },
    "node_modules/libphonenumber-js": {
      "version": "1.12.30",
      "resolved": "https://registry.npmjs.org/libphonenumber-js/-/libphonenumber-js-1.12.30.tgz",
      "integrity": "sha512-KxH7uIJFD6+cR6nhdh+wY6prFiH26A3W/W1gTMXnng2PXSwVfi5MhYkdq3Z2Y7vhBVa1/5VJgpNtI76UM2njGA==",
      "license": "MIT"
    }
  }
}
